
Microsoft Visual Studio Solution File, Format Version 12.00
# Visual Studio 2010
Project("{FAE04EC0-301F-11D3-BF4B-00C04F79EFBC}") = "UnitTests", "UnitTests\UnitTests.csproj", "{36ADD10E-484E-4D85-8ABF-A617F3B66C2C}"
EndProject
Project("{FAE04EC0-301F-11D3-BF4B-00C04F79EFBC}") = "ConcoleClient", "ConcoleClient\ConcoleClient.csproj", "{4567D0A6-9FE0-4442-B3DD-DAC6CA7CDF2B}"
EndProject
Project("{FAE04EC0-301F-11D3-BF4B-00C04F79EFBC}") = "PhoneLib", "PhoneLib\PhoneLib.csproj", "{339AE915-44BE-4353-9EA7-9730174590E2}"
EndProject
Global
	GlobalSection(SolutionConfigurationPlatforms) = preSolution
		Debug|Any CPU = Debug|Any CPU
		Release|Any CPU = Release|Any CPU
	EndGlobalSection
	GlobalSection(ProjectConfigurationPlatforms) = postSolution
		{36ADD10E-484E-4D85-8ABF-A617F3B66C2C}.Debug|Any CPU.ActiveCfg = Debug|Any CPU
		{36ADD10E-484E-4D85-8ABF-A617F3B66C2C}.Debug|Any CPU.Build.0 = Debug|Any CPU
		{36ADD10E-484E-4D85-8ABF-A617F3B66C2C}.Release|Any CPU.ActiveCfg = Release|Any CPU
		{36ADD10E-484E-4D85-8ABF-A617F3B66C2C}.Release|Any CPU.Build.0 = Release|Any CPU
		{4567D0A6-9FE0-4442-B3DD-DAC6CA7CDF2B}.Debug|Any CPU.ActiveCfg = Debug|Any CPU
		{4567D0A6-9FE0-4442-B3DD-DAC6CA7CDF2B}.Debug|Any CPU.Build.0 = Debug|Any CPU
		{4567D0A6-9FE0-4442-B3DD-DAC6CA7CDF2B}.Release|Any CPU.ActiveCfg = Release|Any CPU
		{4567D0A6-9FE0-4442-B3DD-DAC6CA7CDF2B}.Release|Any CPU.Build.0 = Release|Any CPU
		{339AE915-44BE-4353-9EA7-9730174590E2}.Debug|Any CPU.ActiveCfg = Debug|Any CPU
		{339AE915-44BE-4353-9EA7-9730174590E2}.Debug|Any CPU.Build.0 = Debug|Any CPU
		{339AE915-44BE-4353-9EA7-9730174590E2}.Release|Any CPU.ActiveCfg = Release|Any CPU
		{339AE915-44BE-4353-9EA7-9730174590E2}.Release|Any CPU.Build.0 = Release|Any CPU
	EndGlobalSection
	GlobalSection(SolutionProperties) = preSolution
		HideSolutionNode = FALSE
	EndGlobalSection
EndGlobal
